
Microsoft Visual Studio Solution File, Format Version 12.00
# Visual Studio Version 16
VisualStudioVersion = 16.0.30509.190
MinimumVisualStudioVersion = 10.0.40219.1
Project("{FAE04EC0-301F-11D3-BF4B-00C04F79EFBC}") = "ToDo", "ToDo\ToDo.csproj", "{E120325E-AA5E-40FF-9054-E793A39A4537}"
EndProject
Global
	GlobalSection(SolutionConfigurationPlatforms) = preSolution
		Debug|Any CPU = Debug|Any CPU
		Release|Any CPU = Release|Any CPU
	EndGlobalSection
	GlobalSection(ProjectConfigurationPlatforms) = postSolution
		{E120325E-AA5E-40FF-9054-E793A39A4537}.Debug|Any CPU.ActiveCfg = Debug|Any CPU
		{E120325E-AA5E-40FF-9054-E793A39A4537}.Debug|Any CPU.Build.0 = Debug|Any CPU
		{E120325E-AA5E-40FF-9054-E793A39A4537}.Release|Any CPU.ActiveCfg = Release|Any CPU
		{E120325E-AA5E-40FF-9054-E793A39A4537}.Release|Any CPU.Build.0 = Release|Any CPU
	EndGlobalSection
	GlobalSection(SolutionProperties) = preSolution
		HideSolutionNode = FALSE
	EndGlobalSection
	GlobalSection(ExtensibilityGlobals) = postSolution
		SolutionGuid = {5E1ADA54-08D9-4BD4-826E-D84377E29AC7}
	EndGlobalSection
EndGlobal
